<?xml version="1.0" encoding="utf-8"?>
<Project ToolsVersion="4.0" xmlns="http://schemas.microsoft.com/developer/msbuild/2003">
  <ItemGroup>
    <ClCompile Include="src\GameMetrics.cpp">
      <Filter>src</Filter>
    </ClCompile>
    <ClCompile Include="src\main.cpp">
      <Filter>src</Filter>
    </ClCompile>
  </ItemGroup>
  <ItemGroup>
    <ClInclude Include="inc\GameMetrics.h">
      <Filter>inc</Filter>
    </ClInclude>
    <ClInclude Include="inc\GameMetricsDefines.h">
      <Filter>inc</Filter>
    </ClInclude>
  </ItemGroup>
  <ItemGroup>
    <Filter Include="src">
      <UniqueIdentifier>{b9c579d9-bbd6-441c-b07d-bc673776e980}</UniqueIdentifier>
    </Filter>
    <Filter Include="inc">
      <UniqueIdentifier>{75b0275b-1eb1-4601-9bf2-2791f8823a49}</UniqueIdentifier>
    </Filter>
  </ItemGroup>
</Project>